
Microsoft Visual Studio Solution File, Format Version 12.00
# Visual Studio Express 2013 for Windows Desktop
VisualStudioVersion = 12.0.40629.0
MinimumVisualStudioVersion = 10.0.40219.1
Project("{F184B08F-C81C-45F6-A57F-5ABD9991F28F}") = "HELIOSCommunication", "HELIOSCommunication\HELIOSCommunication.vbproj", "{312031A8-E44C-42D7-9E86-963B0C4F99B6}"
EndProject
Project("{F184B08F-C81C-45F6-A57F-5ABD9991F28F}") = "HELIOSEndOfLine", "HELIOSEndOfLine\HELIOSEndOfLine.vbproj", "{A193D20B-A02C-45F8-AB20-CC7CCA59556E}"
EndProject
Project("{F184B08F-C81C-45F6-A57F-5ABD9991F28F}") = "CasCommunication", "CasCommunication\CasCommunication.vbproj", "{2C9EF22B-6225-40A7-A36D-C2B78390092F}"
EndProject
Project("{F184B08F-C81C-45F6-A57F-5ABD9991F28F}") = "HardwareCommunication", "HardwareCommunication\HardwareCommunication.vbproj", "{C294CFA4-3258-4448-AFFE-3CFE4627E7EB}"
EndProject
Global
	GlobalSection(SolutionConfigurationPlatforms) = preSolution
		CD_ROM|Any CPU = CD_ROM|Any CPU
		CD_ROM|Mixed Platforms = CD_ROM|Mixed Platforms
		CD_ROM|x64 = CD_ROM|x64
		CD_ROM|x86 = CD_ROM|x86
		Debug|Any CPU = Debug|Any CPU
		Debug|Mixed Platforms = Debug|Mixed Platforms
		Debug|x64 = Debug|x64
		Debug|x86 = Debug|x86
		DVD-5|Any CPU = DVD-5|Any CPU
		DVD-5|Mixed Platforms = DVD-5|Mixed Platforms
		DVD-5|x64 = DVD-5|x64
		DVD-5|x86 = DVD-5|x86
		Release|Any CPU = Release|Any CPU
		Release|Mixed Platforms = Release|Mixed Platforms
		Release|x64 = Release|x64
		Release|x86 = Release|x86
		SingleImage|Any CPU = SingleImage|Any CPU
		SingleImage|Mixed Platforms = SingleImage|Mixed Platforms
		SingleImage|x64 = SingleImage|x64
		SingleImage|x86 = SingleImage|x86
	EndGlobalSection
	GlobalSection(ProjectConfigurationPlatforms) = postSolution
		{312031A8-E44C-42D7-9E86-963B0C4F99B6}.CD_ROM|Any CPU.ActiveCfg = Debug|Any CPU
		{312031A8-E44C-42D7-9E86-963B0C4F99B6}.CD_ROM|Any CPU.Build.0 = Debug|Any CPU
		{312031A8-E44C-42D7-9E86-963B0C4F99B6}.CD_ROM|Mixed Platforms.ActiveCfg = Release|x86
		{312031A8-E44C-42D7-9E86-963B0C4F99B6}.CD_ROM|Mixed Platforms.Build.0 = Release|x86
		{312031A8-E44C-42D7-9E86-963B0C4F99B6}.CD_ROM|x64.ActiveCfg = Release|x64
		{312031A8-E44C-42D7-9E86-963B0C4F99B6}.CD_ROM|x64.Build.0 = Release|x64
		{312031A8-E44C-42D7-9E86-963B0C4F99B6}.CD_ROM|x86.ActiveCfg = Release|Any CPU
		{312031A8-E44C-42D7-9E86-963B0C4F99B6}.Debug|Any CPU.ActiveCfg = Debug|x86
		{312031A8-E44C-42D7-9E86-963B0C4F99B6}.Debug|Any CPU.Build.0 = Debug|x86
		{312031A8-E44C-42D7-9E86-963B0C4F99B6}.Debug|Mixed Platforms.ActiveCfg = Debug|x86
		{312031A8-E44C-42D7-9E86-963B0C4F99B6}.Debug|Mixed Platforms.Build.0 = Debug|x86
		{312031A8-E44C-42D7-9E86-963B0C4F99B6}.Debug|x64.ActiveCfg = Debug|x64
		{312031A8-E44C-42D7-9E86-963B0C4F99B6}.Debug|x64.Build.0 = Debug|x64
		{312031A8-E44C-42D7-9E86-963B0C4F99B6}.Debug|x86.ActiveCfg = Debug|x86
		{312031A8-E44C-42D7-9E86-963B0C4F99B6}.Debug|x86.Build.0 = Debug|x86
		{312031A8-E44C-42D7-9E86-963B0C4F99B6}.DVD-5|Any CPU.ActiveCfg = Debug|Any CPU
		{312031A8-E44C-42D7-9E86-963B0C4F99B6}.DVD-5|Any CPU.Build.0 = Debug|Any CPU
		{312031A8-E44C-42D7-9E86-963B0C4F99B6}.DVD-5|Mixed Platforms.ActiveCfg = Debug|x86
		{312031A8-E44C-42D7-9E86-963B0C4F99B6}.DVD-5|Mixed Platforms.Build.0 = Debug|x86
		{312031A8-E44C-42D7-9E86-963B0C4F99B6}.DVD-5|x64.ActiveCfg = Debug|x64
		{312031A8-E44C-42D7-9E86-963B0C4F99B6}.DVD-5|x64.Build.0 = Debug|x64
		{312031A8-E44C-42D7-9E86-963B0C4F99B6}.DVD-5|x86.ActiveCfg = Debug|Any CPU
		{312031A8-E44C-42D7-9E86-963B0C4F99B6}.Release|Any CPU.ActiveCfg = Release|Any CPU
		{312031A8-E44C-42D7-9E86-963B0C4F99B6}.Release|Any CPU.Build.0 = Release|Any CPU
		{312031A8-E44C-42D7-9E86-963B0C4F99B6}.Release|Mixed Platforms.ActiveCfg = Release|x86
		{312031A8-E44C-42D7-9E86-963B0C4F99B6}.Release|Mixed Platforms.Build.0 = Release|x86
		{312031A8-E44C-42D7-9E86-963B0C4F99B6}.Release|x64.ActiveCfg = Release|x64
		{312031A8-E44C-42D7-9E86-963B0C4F99B6}.Release|x64.Build.0 = Release|x64
		{312031A8-E44C-42D7-9E86-963B0C4F99B6}.Release|x86.ActiveCfg = Release|x86
		{312031A8-E44C-42D7-9E86-963B0C4F99B6}.Release|x86.Build.0 = Release|x86
		{312031A8-E44C-42D7-9E86-963B0C4F99B6}.SingleImage|Any CPU.ActiveCfg = Debug|Any CPU
		{312031A8-E44C-42D7-9E86-963B0C4F99B6}.SingleImage|Any CPU.Build.0 = Debug|Any CPU
		{312031A8-E44C-42D7-9E86-963B0C4F99B6}.SingleImage|Mixed Platforms.ActiveCfg = Release|x86
		{312031A8-E44C-42D7-9E86-963B0C4F99B6}.SingleImage|Mixed Platforms.Build.0 = Release|x86
		{312031A8-E44C-42D7-9E86-963B0C4F99B6}.SingleImage|x64.ActiveCfg = Release|x64
		{312031A8-E44C-42D7-9E86-963B0C4F99B6}.SingleImage|x64.Build.0 = Release|x64
		{312031A8-E44C-42D7-9E86-963B0C4F99B6}.SingleImage|x86.ActiveCfg = Release|x86
		{312031A8-E44C-42D7-9E86-963B0C4F99B6}.SingleImage|x86.Build.0 = Release|x86
		{A193D20B-A02C-45F8-AB20-CC7CCA59556E}.CD_ROM|Any CPU.ActiveCfg = Release|Any CPU
		{A193D20B-A02C-45F8-AB20-CC7CCA59556E}.CD_ROM|Any CPU.Build.0 = Release|Any CPU
		{A193D20B-A02C-45F8-AB20-CC7CCA59556E}.CD_ROM|Mixed Platforms.ActiveCfg = Release|Any CPU
		{A193D20B-A02C-45F8-AB20-CC7CCA59556E}.CD_ROM|Mixed Platforms.Build.0 = Release|Any CPU
		{A193D20B-A02C-45F8-AB20-CC7CCA59556E}.CD_ROM|x64.ActiveCfg = Release|Any CPU
		{A193D20B-A02C-45F8-AB20-CC7CCA59556E}.CD_ROM|x86.ActiveCfg = Release|Any CPU
		{A193D20B-A02C-45F8-AB20-CC7CCA59556E}.Debug|Any CPU.ActiveCfg = Debug|Any CPU
		{A193D20B-A02C-45F8-AB20-CC7CCA59556E}.Debug|Any CPU.Build.0 = Debug|Any CPU
		{A193D20B-A02C-45F8-AB20-CC7CCA59556E}.Debug|Mixed Platforms.ActiveCfg = Debug|x86
		{A193D20B-A02C-45F8-AB20-CC7CCA59556E}.Debug|Mixed Platforms.Build.0 = Debug|x86
		{A193D20B-A02C-45F8-AB20-CC7CCA59556E}.Debug|x64.ActiveCfg = Debug|Any CPU
		{A193D20B-A02C-45F8-AB20-CC7CCA59556E}.Debug|x86.ActiveCfg = Debug|x86
		{A193D20B-A02C-45F8-AB20-CC7CCA59556E}.Debug|x86.Build.0 = Debug|x86
		{A193D20B-A02C-45F8-AB20-CC7CCA59556E}.DVD-5|Any CPU.ActiveCfg = Debug|Any CPU
		{A193D20B-A02C-45F8-AB20-CC7CCA59556E}.DVD-5|Any CPU.Build.0 = Debug|Any CPU
		{A193D20B-A02C-45F8-AB20-CC7CCA59556E}.DVD-5|Mixed Platforms.ActiveCfg = Debug|Any CPU
		{A193D20B-A02C-45F8-AB20-CC7CCA59556E}.DVD-5|Mixed Platforms.Build.0 = Debug|Any CPU
		{A193D20B-A02C-45F8-AB20-CC7CCA59556E}.DVD-5|x64.ActiveCfg = Debug|Any CPU
		{A193D20B-A02C-45F8-AB20-CC7CCA59556E}.DVD-5|x86.ActiveCfg = Debug|Any CPU
		{A193D20B-A02C-45F8-AB20-CC7CCA59556E}.Release|Any CPU.ActiveCfg = Release|Any CPU
		{A193D20B-A02C-45F8-AB20-CC7CCA59556E}.Release|Any CPU.Build.0 = Release|Any CPU
		{A193D20B-A02C-45F8-AB20-CC7CCA59556E}.Release|Mixed Platforms.ActiveCfg = Release|Any CPU
		{A193D20B-A02C-45F8-AB20-CC7CCA59556E}.Release|Mixed Platforms.Build.0 = Release|Any CPU
		{A193D20B-A02C-45F8-AB20-CC7CCA59556E}.Release|x64.ActiveCfg = Release|Any CPU
		{A193D20B-A02C-45F8-AB20-CC7CCA59556E}.Release|x86.ActiveCfg = Release|Any CPU
		{A193D20B-A02C-45F8-AB20-CC7CCA59556E}.SingleImage|Any CPU.ActiveCfg = Release|Any CPU
		{A193D20B-A02C-45F8-AB20-CC7CCA59556E}.SingleImage|Any CPU.Build.0 = Release|Any CPU
		{A193D20B-A02C-45F8-AB20-CC7CCA59556E}.SingleImage|Mixed Platforms.ActiveCfg = Release|Any CPU
		{A193D20B-A02C-45F8-AB20-CC7CCA59556E}.SingleImage|Mixed Platforms.Build.0 = Release|Any CPU
		{A193D20B-A02C-45F8-AB20-CC7CCA59556E}.SingleImage|x64.ActiveCfg = Release|Any CPU
		{A193D20B-A02C-45F8-AB20-CC7CCA59556E}.SingleImage|x86.ActiveCfg = Release|Any CPU
		{2C9EF22B-6225-40A7-A36D-C2B78390092F}.CD_ROM|Any CPU.ActiveCfg = Release|Any CPU
		{2C9EF22B-6225-40A7-A36D-C2B78390092F}.CD_ROM|Any CPU.Build.0 = Release|Any CPU
		{2C9EF22B-6225-40A7-A36D-C2B78390092F}.CD_ROM|Mixed Platforms.ActiveCfg = Release|x86
		{2C9EF22B-6225-40A7-A36D-C2B78390092F}.CD_ROM|Mixed Platforms.Build.0 = Release|x86
		{2C9EF22B-6225-40A7-A36D-C2B78390092F}.CD_ROM|x64.ActiveCfg = Release|Any CPU
		{2C9EF22B-6225-40A7-A36D-C2B78390092F}.CD_ROM|x86.ActiveCfg = Release|x86
		{2C9EF22B-6225-40A7-A36D-C2B78390092F}.CD_ROM|x86.Build.0 = Release|x86
		{2C9EF22B-6225-40A7-A36D-C2B78390092F}.Debug|Any CPU.ActiveCfg = Debug|Any CPU
		{2C9EF22B-6225-40A7-A36D-C2B78390092F}.Debug|Any CPU.Build.0 = Debug|Any CPU
		{2C9EF22B-6225-40A7-A36D-C2B78390092F}.Debug|Mixed Platforms.ActiveCfg = Debug|x86
		{2C9EF22B-6225-40A7-A36D-C2B78390092F}.Debug|Mixed Platforms.Build.0 = Debug|x86
		{2C9EF22B-6225-40A7-A36D-C2B78390092F}.Debug|x64.ActiveCfg = Debug|Any CPU
		{2C9EF22B-6225-40A7-A36D-C2B78390092F}.Debug|x86.ActiveCfg = Debug|x86
		{2C9EF22B-6225-40A7-A36D-C2B78390092F}.Debug|x86.Build.0 = Debug|x86
		{2C9EF22B-6225-40A7-A36D-C2B78390092F}.DVD-5|Any CPU.ActiveCfg = Debug|Any CPU
		{2C9EF22B-6225-40A7-A36D-C2B78390092F}.DVD-5|Any CPU.Build.0 = Debug|Any CPU
		{2C9EF22B-6225-40A7-A36D-C2B78390092F}.DVD-5|Mixed Platforms.ActiveCfg = Debug|x86
		{2C9EF22B-6225-40A7-A36D-C2B78390092F}.DVD-5|Mixed Platforms.Build.0 = Debug|x86
		{2C9EF22B-6225-40A7-A36D-C2B78390092F}.DVD-5|x64.ActiveCfg = Debug|Any CPU
		{2C9EF22B-6225-40A7-A36D-C2B78390092F}.DVD-5|x86.ActiveCfg = Debug|x86
		{2C9EF22B-6225-40A7-A36D-C2B78390092F}.DVD-5|x86.Build.0 = Debug|x86
		{2C9EF22B-6225-40A7-A36D-C2B78390092F}.Release|Any CPU.ActiveCfg = Release|Any CPU
		{2C9EF22B-6225-40A7-A36D-C2B78390092F}.Release|Any CPU.Build.0 = Release|Any CPU
		{2C9EF22B-6225-40A7-A36D-C2B78390092F}.Release|Mixed Platforms.ActiveCfg = Release|x86
		{2C9EF22B-6225-40A7-A36D-C2B78390092F}.Release|Mixed Platforms.Build.0 = Release|x86
		{2C9EF22B-6225-40A7-A36D-C2B78390092F}.Release|x64.ActiveCfg = Release|Any CPU
		{2C9EF22B-6225-40A7-A36D-C2B78390092F}.Release|x86.ActiveCfg = Release|x86
		{2C9EF22B-6225-40A7-A36D-C2B78390092F}.Release|x86.Build.0 = Release|x86
		{2C9EF22B-6225-40A7-A36D-C2B78390092F}.SingleImage|Any CPU.ActiveCfg = Release|Any CPU
		{2C9EF22B-6225-40A7-A36D-C2B78390092F}.SingleImage|Any CPU.Build.0 = Release|Any CPU
		{2C9EF22B-6225-40A7-A36D-C2B78390092F}.SingleImage|Mixed Platforms.ActiveCfg = Release|x86
		{2C9EF22B-6225-40A7-A36D-C2B78390092F}.SingleImage|Mixed Platforms.Build.0 = Release|x86
		{2C9EF22B-6225-40A7-A36D-C2B78390092F}.SingleImage|x64.ActiveCfg = Release|Any CPU
		{2C9EF22B-6225-40A7-A36D-C2B78390092F}.SingleImage|x86.ActiveCfg = Release|x86
		{2C9EF22B-6225-40A7-A36D-C2B78390092F}.SingleImage|x86.Build.0 = Release|x86
		{C294CFA4-3258-4448-AFFE-3CFE4627E7EB}.CD_ROM|Any CPU.ActiveCfg = Release|Any CPU
		{C294CFA4-3258-4448-AFFE-3CFE4627E7EB}.CD_ROM|Any CPU.Build.0 = Release|Any CPU
		{C294CFA4-3258-4448-AFFE-3CFE4627E7EB}.CD_ROM|Mixed Platforms.ActiveCfg = Release|Any CPU
		{C294CFA4-3258-4448-AFFE-3CFE4627E7EB}.CD_ROM|Mixed Platforms.Build.0 = Release|Any CPU
		{C294CFA4-3258-4448-AFFE-3CFE4627E7EB}.CD_ROM|x64.ActiveCfg = Release|Any CPU
		{C294CFA4-3258-4448-AFFE-3CFE4627E7EB}.CD_ROM|x86.ActiveCfg = Release|Any CPU
		{C294CFA4-3258-4448-AFFE-3CFE4627E7EB}.Debug|Any CPU.ActiveCfg = Debug|Any CPU
		{C294CFA4-3258-4448-AFFE-3CFE4627E7EB}.Debug|Any CPU.Build.0 = Debug|Any CPU
		{C294CFA4-3258-4448-AFFE-3CFE4627E7EB}.Debug|Mixed Platforms.ActiveCfg = Debug|Any CPU
		{C294CFA4-3258-4448-AFFE-3CFE4627E7EB}.Debug|Mixed Platforms.Build.0 = Debug|Any CPU
		{C294CFA4-3258-4448-AFFE-3CFE4627E7EB}.Debug|x64.ActiveCfg = Debug|Any CPU
		{C294CFA4-3258-4448-AFFE-3CFE4627E7EB}.Debug|x86.ActiveCfg = Debug|x86
		{C294CFA4-3258-4448-AFFE-3CFE4627E7EB}.Debug|x86.Build.0 = Debug|x86
		{C294CFA4-3258-4448-AFFE-3CFE4627E7EB}.DVD-5|Any CPU.ActiveCfg = Debug|Any CPU
		{C294CFA4-3258-4448-AFFE-3CFE4627E7EB}.DVD-5|Any CPU.Build.0 = Debug|Any CPU
		{C294CFA4-3258-4448-AFFE-3CFE4627E7EB}.DVD-5|Mixed Platforms.ActiveCfg = Debug|Any CPU
		{C294CFA4-3258-4448-AFFE-3CFE4627E7EB}.DVD-5|Mixed Platforms.Build.0 = Debug|Any CPU
		{C294CFA4-3258-4448-AFFE-3CFE4627E7EB}.DVD-5|x64.ActiveCfg = Debug|Any CPU
		{C294CFA4-3258-4448-AFFE-3CFE4627E7EB}.DVD-5|x86.ActiveCfg = Debug|Any CPU
		{C294CFA4-3258-4448-AFFE-3CFE4627E7EB}.Release|Any CPU.ActiveCfg = Release|Any CPU
		{C294CFA4-3258-4448-AFFE-3CFE4627E7EB}.Release|Any CPU.Build.0 = Release|Any CPU
		{C294CFA4-3258-4448-AFFE-3CFE4627E7EB}.Release|Mixed Platforms.ActiveCfg = Release|Any CPU
		{C294CFA4-3258-4448-AFFE-3CFE4627E7EB}.Release|Mixed Platforms.Build.0 = Release|Any CPU
		{C294CFA4-3258-4448-AFFE-3CFE4627E7EB}.Release|x64.ActiveCfg = Release|Any CPU
		{C294CFA4-3258-4448-AFFE-3CFE4627E7EB}.Release|x86.ActiveCfg = Release|Any CPU
		{C294CFA4-3258-4448-AFFE-3CFE4627E7EB}.SingleImage|Any CPU.ActiveCfg = Release|Any CPU
		{C294CFA4-3258-4448-AFFE-3CFE4627E7EB}.SingleImage|Any CPU.Build.0 = Release|Any CPU
		{C294CFA4-3258-4448-AFFE-3CFE4627E7EB}.SingleImage|Mixed Platforms.ActiveCfg = Release|Any CPU
		{C294CFA4-3258-4448-AFFE-3CFE4627E7EB}.SingleImage|Mixed Platforms.Build.0 = Release|Any CPU
		{C294CFA4-3258-4448-AFFE-3CFE4627E7EB}.SingleImage|x64.ActiveCfg = Release|Any CPU
		{C294CFA4-3258-4448-AFFE-3CFE4627E7EB}.SingleImage|x86.ActiveCfg = Release|Any CPU
	EndGlobalSection
	GlobalSection(SolutionProperties) = preSolution
		HideSolutionNode = FALSE
	EndGlobalSection
EndGlobal
